github.com/go-sql-driver/mysql v1.5.0 h1:ozyZYNQW3x3HtqT1jira07DN2PArx2v7/mN66gGcHOs=
github.com/go-sql-driver/mysql v1.5.0/go.mod h1:DCzpHaOWr8IXmIStZouvnhqoel9Qv2LBy8hT2VhHyBg=
github.com/pm-esd/querydb v1.3.4 h1:WlMlhQWJGLSqsCA/1Ut6oy1g5bG9H5NycEEL0aHSEoA=
github.com/pm-esd/querydb v1.3.4/go.mod h1:+Y2OpB7ZHW3WmR79WEMpcRHfpjFlqryil+fEmFss74c=
